
Microsoft Visual Studio Solution File, Format Version 12.00
# Visual Studio Version 16
VisualStudioVersion = 16.0.31702.278
MinimumVisualStudioVersion = 10.0.40219.1
Project("{FAE04EC0-301F-11D3-BF4B-00C04F79EFBC}") = "cif_ve_tek", "cif_ve_tek\cif_ve_tek.csproj", "{C7C62026-DEFD-4187-B119-94C175C03390}"
EndProject
Global
	GlobalSection(SolutionConfigurationPlatforms) = preSolution
		Debug|Any CPU = Debug|Any CPU
		Release|Any CPU = Release|Any CPU
	EndGlobalSection
	GlobalSection(ProjectConfigurationPlatforms) = postSolution
		{C7C62026-DEFD-4187-B119-94C175C03390}.Debug|Any CPU.ActiveCfg = Debug|Any CPU
		{C7C62026-DEFD-4187-B119-94C175C03390}.Debug|Any CPU.Build.0 = Debug|Any CPU
		{C7C62026-DEFD-4187-B119-94C175C03390}.Release|Any CPU.ActiveCfg = Release|Any CPU
		{C7C62026-DEFD-4187-B119-94C175C03390}.Release|Any CPU.Build.0 = Release|Any CPU
	EndGlobalSection
	GlobalSection(SolutionProperties) = preSolution
		HideSolutionNode = FALSE
	EndGlobalSection
	GlobalSection(ExtensibilityGlobals) = postSolution
		SolutionGuid = {BF0E2AE1-6033-4A6C-A02D-1BE2AEDA8AA2}
	EndGlobalSection
EndGlobal
